
Microsoft Visual Studio Solution File, Format Version 12.00
# Visual Studio Version 17
VisualStudioVersion = 17.10.35027.167
MinimumVisualStudioVersion = 10.0.40219.1
Project("{FAE04EC0-301F-11D3-BF4B-00C04F79EFBC}") = "pryRecio_20250507", "pryRecio_20250507\pryRecio_20250507.csproj", "{52D2ABB1-9AF9-452B-837A-93E90C2C8FAE}"
EndProject
Global
	GlobalSection(SolutionConfigurationPlatforms) = preSolution
		Debug|Any CPU = Debug|Any CPU
		Release|Any CPU = Release|Any CPU
	EndGlobalSection
	GlobalSection(ProjectConfigurationPlatforms) = postSolution
		{52D2ABB1-9AF9-452B-837A-93E90C2C8FAE}.Debug|Any CPU.ActiveCfg = Debug|Any CPU
		{52D2ABB1-9AF9-452B-837A-93E90C2C8FAE}.Debug|Any CPU.Build.0 = Debug|Any CPU
		{52D2ABB1-9AF9-452B-837A-93E90C2C8FAE}.Release|Any CPU.ActiveCfg = Release|Any CPU
		{52D2ABB1-9AF9-452B-837A-93E90C2C8FAE}.Release|Any CPU.Build.0 = Release|Any CPU
	EndGlobalSection
	GlobalSection(SolutionProperties) = preSolution
		HideSolutionNode = FALSE
	EndGlobalSection
	GlobalSection(ExtensibilityGlobals) = postSolution
		SolutionGuid = {272AAA2E-6625-46A0-B155-BA0E8C5E7922}
	EndGlobalSection
EndGlobal
